// !$*UTF8*$!
{
	archiveVersion = 1;
	classes = {
	};
	objectVersion = 77;
	objects = {

/* Begin PBXContainerItemProxy section */
		BB2639132E084B4800E73AA3 /* PBXContainerItemProxy */ = {
			isa = PBXContainerItemProxy;
			containerPortal = BB2638FA2E084B4700E73AA3 /* Project object */;
			proxyType = 1;
			remoteGlobalIDString = BB2639012E084B4700E73AA3;
			remoteInfo = syosekiroku;
		};
		BB26391D2E084B4800E73AA3 /* PBXContainerItemProxy */ = {
			isa = PBXContainerItemProxy;
			containerPortal = BB2638FA2E084B4700E73AA3 /* Project object */;
			proxyType = 1;
			remoteGlobalIDString = BB2639012E084B4700E73AA3;
			remoteInfo = syosekiroku;
		};
/* End PBXContainerItemProxy section */

/* Begin PBXFileReference section */
		BB2639022E084B4700E73AA3 /* syosekiroku.app */ = {isa = PBXFileReference; explicitFileType = wrapper.application; includeInIndex = 0; path = syosekiroku.app; sourceTree = BUILT_PRODUCTS_DIR; };
		BB2639122E084B4800E73AA3 /* syosekirokuTests.xctest */ = {isa = PBXFileReference; explicitFileType = wrapper.cfbundle; includeInIndex = 0; path = syosekirokuTests.xctest; sourceTree = BUILT_PRODUCTS_DIR; };
		BB26391C2E084B4800E73AA3 /* syosekirokuUITests.xctest */ = {isa = PBXFileReference; explicitFileType = wrapper.cfbundle; includeInIndex = 0; path = syosekirokuUITests.xctest; sourceTree = BUILT_PRODUCTS_DIR; };
/* End PBXFileReference section */

/* Begin PBXFileSystemSynchronizedRootGroup section */
		BB2639042E084B4700E73AA3 /* syosekiroku */ = {
			isa = PBXFileSystemSynchronizedRootGroup;
			path = syosekiroku;
			sourceTree = "<group>";
		};
		BB2639152E084B4800E73AA3 /* syosekirokuTests */ = {
			isa = PBXFileSystemSynchronizedRootGroup;
			path = syosekirokuTests;
			sourceTree = "<group>";
		};
		BB26391F2E084B4800E73AA3 /* syosekirokuUITests */ = {
			isa = PBXFileSystemSynchronizedRootGroup;
			path = syosekirokuUITests;
			sourceTree = "<group>";
		};
/* End PBXFileSystemSynchronizedRootGroup section */

/* Begin PBXFrameworksBuildPhase section */
		BB2638FF2E084B4700E73AA3 /* Frameworks */ = {
			isa = PBXFrameworksBuildPhase;
			buildActionMask = 2147483647;
			files = (
			);
			runOnlyForDeploymentPostprocessing = 0;
		};
		BB26390F2E084B4800E73AA3 /* Frameworks */ = {
			isa = PBXFrameworksBuildPhase;
			buildActionMask = 2147483647;
			files = (
			);
			runOnlyForDeploymentPostprocessing = 0;
		};
		BB2639192E084B4800E73AA3 /* Frameworks */ = {
			isa = PBXFrameworksBuildPhase;
			buildActionMask = 2147483647;
			files = (
			);
			runOnlyForDeploymentPostprocessing = 0;
		};
/* End PBXFrameworksBuildPhase section */

/* Begin PBXGroup section */
		BB2638F92E084B4700E73AA3 = {
			isa = PBXGroup;
			children = (
				BB2639042E084B4700E73AA3 /* syosekiroku */,
				BB2639152E084B4800E73AA3 /* syosekirokuTests */,
				BB26391F2E084B4800E73AA3 /* syosekirokuUITests */,
				BB2639032E084B4700E73AA3 /* Products */,
			);
			sourceTree = "<group>";
		};
		BB2639032E084B4700E73AA3 /* Products */ = {
			isa = PBXGroup;
			children = (
				BB2639022E084B4700E73AA3 /* syosekiroku.app */,
				BB2639122E084B4800E73AA3 /* syosekirokuTests.xctest */,
				BB26391C2E084B4800E73AA3 /* syosekirokuUITests.xctest */,
			);
			name = Products;
			sourceTree = "<group>";
		};
/* End PBXGroup section */

/* Begin PBXNativeTarget section */
		BB2639012E084B4700E73AA3 /* syosekiroku */ = {
			isa = PBXNativeTarget;
			buildConfigurationList = BB2639262E084B4800E73AA3 /* Build configuration list for PBXNativeTarget "syosekiroku" */;
			buildPhases = (
				BB2638FE2E084B4700E73AA3 /* Sources */,
				BB2638FF2E084B4700E73AA3 /* Frameworks */,
				BB2639002E084B4700E73AA3 /* Resources */,
			);
			buildRules = (
			);
			dependencies = (
			);
			fileSystemSynchronizedGroups = (
				BB2639042E084B4700E73AA3 /* syosekiroku */,
			);
			name = syosekiroku;
			packageProductDependencies = (
			);
			productName = syosekiroku;
			productReference = BB2639022E084B4700E73AA3 /* syosekiroku.app */;
			productType = "com.apple.product-type.application";
		};
		BB2639112E084B4800E73AA3 /* syosekirokuTests */ = {
			isa = PBXNativeTarget;
			buildConfigurationList = BB2639292E084B4800E73AA3 /* Build configuration list for PBXNativeTarget "syosekirokuTests" */;
			buildPhases = (
				BB26390E2E084B4800E73AA3 /* Sources */,
				BB26390F2E084B4800E73AA3 /* Frameworks */,
				BB2639102E084B4800E73AA3 /* Resources */,
			);
			buildRules = (
			);
			dependencies = (
				BB2639142E084B4800E73AA3 /* PBXTargetDependency */,
			);
			fileSystemSynchronizedGroups = (
				BB2639152E084B4800E73AA3 /* syosekirokuTests */,
			);
			name = syosekirokuTests;
			packageProductDependencies = (
			);
			productName = syosekirokuTests;
			productReference = BB2639122E084B4800E73AA3 /* syosekirokuTests.xctest */;
			productType = "com.apple.product-type.bundle.unit-test";
		};
		BB26391B2E084B4800E73AA3 /* syosekirokuUITests */ = {
			isa = PBXNativeTarget;
			buildConfigurationList = BB26392C2E084B4800E73AA3 /* Build configuration list for PBXNativeTarget "syosekirokuUITests" */;
			buildPhases = (
				BB2639182E084B4800E73AA3 /* Sources */,
				BB2639192E084B4800E73AA3 /* Frameworks */,
				BB26391A2E084B4800E73AA3 /* Resources */,
			);
			buildRules = (
			);
			dependencies = (
				BB26391E2E084B4800E73AA3 /* PBXTargetDependency */,
			);
			fileSystemSynchronizedGroups = (
				BB26391F2E084B4800E73AA3 /* syosekirokuUITests */,
			);
			name = syosekirokuUITests;
			packageProductDependencies = (
			);
			productName = syosekirokuUITests;
			productReference = BB26391C2E084B4800E73AA3 /* syosekirokuUITests.xctest */;
			productType = "com.apple.product-type.bundle.ui-testing";
		};
/* End PBXNativeTarget section */

/* Begin PBXProject section */
		BB2638FA2E084B4700E73AA3 /* Project object */ = {
			isa = PBXProject;
			attributes = {
				BuildIndependentTargetsInParallel = 1;
				LastSwiftUpdateCheck = 1600;
				LastUpgradeCheck = 1600;
				TargetAttributes = {
					BB2639012E084B4700E73AA3 = {
						CreatedOnToolsVersion = 16.0;
					};
					BB2639112E084B4800E73AA3 = {
						CreatedOnToolsVersion = 16.0;
						TestTargetID = BB2639012E084B4700E73AA3;
					};
					BB26391B2E084B4800E73AA3 = {
						CreatedOnToolsVersion = 16.0;
						TestTargetID = BB2639012E084B4700E73AA3;
					};
				};
			};
			buildConfigurationList = BB2638FD2E084B4700E73AA3 /* Build configuration list for PBXProject "syosekiroku" */;
			developmentRegion = en;
			hasScannedForEncodings = 0;
			knownRegions = (
				en,
				Base,
			);
			mainGroup = BB2638F92E084B4700E73AA3;
			minimizedProjectReferenceProxies = 1;
			preferredProjectObjectVersion = 77;
			productRefGroup = BB2639032E084B4700E73AA3 /* Products */;
			projectDirPath = "";
			projectRoot = "";
			targets = (
				BB2639012E084B4700E73AA3 /* syosekiroku */,
				BB2639112E084B4800E73AA3 /* syosekirokuTests */,
				BB26391B2E084B4800E73AA3 /* syosekirokuUITests */,
			);
		};
/* End PBXProject section */

/* Begin PBXResourcesBuildPhase section */
		BB2639002E084B4700E73AA3 /* Resources */ = {
			isa = PBXResourcesBuildPhase;
			buildActionMask = 2147483647;
			files = (
			);
			runOnlyForDeploymentPostprocessing = 0;
		};
		BB2639102E084B4800E73AA3 /* Resources */ = {
			isa = PBXResourcesBuildPhase;
			buildActionMask = 2147483647;
			files = (
			);
			runOnlyForDeploymentPostprocessing = 0;
		};
		BB26391A2E084B4800E73AA3 /* Resources */ = {
			isa = PBXResourcesBuildPhase;
			buildActionMask = 2147483647;
			files = (
			);
			runOnlyForDeploymentPostprocessing = 0;
		};
/* End PBXResourcesBuildPhase section */

/* Begin PBXSourcesBuildPhase section */
		BB2638FE2E084B4700E73AA3 /* Sources */ = {
			isa = PBXSourcesBuildPhase;
			buildActionMask = 2147483647;
			files = (
			);
			runOnlyForDeploymentPostprocessing = 0;
		};
		BB26390E2E084B4800E73AA3 /* Sources */ = {
			isa = PBXSourcesBuildPhase;
			buildActionMask = 2147483647;
			files = (
			);
			runOnlyForDeploymentPostprocessing = 0;
		};
		BB2639182E084B4800E73AA3 /* Sources */ = {
			isa = PBXSourcesBuildPhase;
			buildActionMask = 2147483647;
			files = (
			);
			runOnlyForDeploymentPostprocessing = 0;
		};
/* End PBXSourcesBuildPhase section */

/* Begin PBXTargetDependency section */
		BB2639142E084B4800E73AA3 /* PBXTargetDependency */ = {
			isa = PBXTargetDependency;
			target = BB2639012E084B4700E73AA3 /* syosekiroku */;
			targetProxy = BB2639132E084B4800E73AA3 /* PBXContainerItemProxy */;
		};
		BB26391E2E084B4800E73AA3 /* PBXTargetDependency */ = {
			isa = PBXTargetDependency;
			target = BB2639012E084B4700E73AA3 /* syosekiroku */;
			targetProxy = BB26391D2E084B4800E73AA3 /* PBXContainerItemProxy */;
		};
/* End PBXTargetDependency section */

/* Begin XCBuildConfiguration section */
		BB2639242E084B4800E73AA3 /* Debug */ = {
			isa = XCBuildConfiguration;
			buildSettings = {
				ALWAYS_SEARCH_USER_PATHS = NO;
				ASSETCATALOG_COMPILER_GENERATE_SWIFT_ASSET_SYMBOL_EXTENSIONS = YES;
				CLANG_ANALYZER_NONNULL = YES;
				CLANG_ANALYZER_NUMBER_OBJECT_CONVERSION = YES_AGGRESSIVE;
				CLANG_CXX_LANGUAGE_STANDARD = "gnu++20";
				CLANG_ENABLE_MODULES = YES;
				CLANG_ENABLE_OBJC_ARC = YES;
				CLANG_ENABLE_OBJC_WEAK = YES;
				CLANG_WARN_BLOCK_CAPTURE_AUTORELEASING = YES;
				CLANG_WARN_BOOL_CONVERSION = YES;
				CLANG_WARN_COMMA = YES;
				CLANG_WARN_CONSTANT_CONVERSION = YES;
				CLANG_WARN_DEPRECATED_OBJC_IMPLEMENTATIONS = YES;
				CLANG_WARN_DIRECT_OBJC_ISA_USAGE = YES_ERROR;
				CLANG_WARN_DOCUMENTATION_COMMENTS = YES;
				CLANG_WARN_EMPTY_BODY = YES;
				CLANG_WARN_ENUM_CONVERSION = YES;
				CLANG_WARN_INFINITE_RECURSION = YES;
				CLANG_WARN_INT_CONVERSION = YES;
				CLANG_WARN_NON_LITERAL_NULL_CONVERSION = YES;
				CLANG_WARN_OBJC_IMPLICIT_RETAIN_SELF = YES;
				CLANG_WARN_OBJC_LITERAL_CONVERSION = YES;
				CLANG_WARN_OBJC_ROOT_CLASS = YES_ERROR;
				CLANG_WARN_QUOTED_INCLUDE_IN_FRAMEWORK_HEADER = YES;
				CLANG_WARN_RANGE_LOOP_ANALYSIS = YES;
				CLANG_WARN_STRICT_PROTOTYPES = YES;
				CLANG_WARN_SUSPICIOUS_MOVE = YES;
				CLANG_WARN_UNGUARDED_AVAILABILITY = YES_AGGRESSIVE;
				CLANG_WARN_UNREACHABLE_CODE = YES;
				CLANG_WARN__DUPLICATE_METHOD_MATCH = YES;
				COPY_PHASE_STRIP = NO;
				DEBUG_INFORMATION_FORMAT = dwarf;
				ENABLE_STRICT_OBJC_MSGSEND = YES;
				ENABLE_TESTABILITY = YES;
				ENABLE_USER_SCRIPT_SANDBOXING = YES;
				GCC_C_LANGUAGE_STANDARD = gnu17;
				GCC_DYNAMIC_NO_PIC = NO;
				GCC_NO_COMMON_BLOCKS = YES;
				GCC_OPTIMIZATION_LEVEL = 0;
				GCC_PREPROCESSOR_DEFINITIONS = (
					"DEBUG=1",
					"$(inherited)",
				);
				GCC_WARN_64_TO_32_BIT_CONVERSION = YES;
				GCC_WARN_ABOUT_RETURN_TYPE = YES_ERROR;
				GCC_WARN_UNDECLARED_SELECTOR = YES;
				GCC_WARN_UNINITIALIZED_AUTOS = YES_AGGRESSIVE;
				GCC_WARN_UNUSED_FUNCTION = YES;
				GCC_WARN_UNUSED_VARIABLE = YES;
				IPHONEOS_DEPLOYMENT_TARGET = 18.0;
				LOCALIZATION_PREFERS_STRING_CATALOGS = YES;
				MTL_ENABLE_DEBUG_INFO = INCLUDE_SOURCE;
				MTL_FAST_MATH = YES;
				ONLY_ACTIVE_ARCH = YES;
				SDKROOT = iphoneos;
				SWIFT_ACTIVE_COMPILATION_CONDITIONS = "DEBUG $(inherited)";
				SWIFT_OPTIMIZATION_LEVEL = "-Onone";
			};
			name = Debug;
		};
		BB2639252E084B4800E73AA3 /* Release */ = {
			isa = XCBuildConfiguration;
			buildSettings = {
				ALWAYS_SEARCH_USER_PATHS = NO;
				ASSETCATALOG_COMPILER_GENERATE_SWIFT_ASSET_SYMBOL_EXTENSIONS = YES;
				CLANG_ANALYZER_NONNULL = YES;
				CLANG_ANALYZER_NUMBER_OBJECT_CONVERSION = YES_AGGRESSIVE;
				CLANG_CXX_LANGUAGE_STANDARD = "gnu++20";
				CLANG_ENABLE_MODULES = YES;
				CLANG_ENABLE_OBJC_ARC = YES;
				CLANG_ENABLE_OBJC_WEAK = YES;
				CLANG_WARN_BLOCK_CAPTURE_AUTORELEASING = YES;
				CLANG_WARN_BOOL_CONVERSION = YES;
				CLANG_WARN_COMMA = YES;
				CLANG_WARN_CONSTANT_CONVERSION = YES;
				CLANG_WARN_DEPRECATED_OBJC_IMPLEMENTATIONS = YES;
				CLANG_WARN_DIRECT_OBJC_ISA_USAGE = YES_ERROR;
				CLANG_WARN_DOCUMENTATION_COMMENTS = YES;
				CLANG_WARN_EMPTY_BODY = YES;
				CLANG_WARN_ENUM_CONVERSION = YES;
				CLANG_WARN_INFINITE_RECURSION = YES;
				CLANG_WARN_INT_CONVERSION = YES;
				CLANG_WARN_NON_LITERAL_NULL_CONVERSION = YES;
				CLANG_WARN_OBJC_IMPLICIT_RETAIN_SELF = YES;
				CLANG_WARN_OBJC_LITERAL_CONVERSION = YES;
				CLANG_WARN_OBJC_ROOT_CLASS = YES_ERROR;
				CLANG_WARN_QUOTED_INCLUDE_IN_FRAMEWORK_HEADER = YES;
				CLANG_WARN_RANGE_LOOP_ANALYSIS = YES;
				CLANG_WARN_STRICT_PROTOTYPES = YES;
				CLANG_WARN_SUSPICIOUS_MOVE = YES;
				CLANG_WARN_UNGUARDED_AVAILABILITY = YES_AGGRESSIVE;
				CLANG_WARN_UNREACHABLE_CODE = YES;
				CLANG_WARN__DUPLICATE_METHOD_MATCH = YES;
				COPY_PHASE_STRIP = NO;
				DEBUG_INFORMATION_FORMAT = "dwarf-with-dsym";
				ENABLE_NS_ASSERTIONS = NO;
				ENABLE_STRICT_OBJC_MSGSEND = YES;
				ENABLE_USER_SCRIPT_SANDBOXING = YES;
				GCC_C_LANGUAGE_STANDARD = gnu17;
				GCC_NO_COMMON_BLOCKS = YES;
				GCC_WARN_64_TO_32_BIT_CONVERSION = YES;
				GCC_WARN_ABOUT_RETURN_TYPE = YES_ERROR;
				GCC_WARN_UNDECLARED_SELECTOR = YES;
				GCC_WARN_UNINITIALIZED_AUTOS = YES_AGGRESSIVE;
				GCC_WARN_UNUSED_FUNCTION = YES;
				GCC_WARN_UNUSED_VARIABLE = YES;
				IPHONEOS_DEPLOYMENT_TARGET = 18.0;
				LOCALIZATION_PREFERS_STRING_CATALOGS = YES;
				MTL_ENABLE_DEBUG_INFO = NO;
				MTL_FAST_MATH = YES;
				SDKROOT = iphoneos;
				SWIFT_COMPILATION_MODE = wholemodule;
				VALIDATE_PRODUCT = YES;
			};
			name = Release;
		};
		BB2639272E084B4800E73AA3 /* Debug */ = {
			isa = XCBuildConfiguration;
			buildSettings = {
				ASSETCATALOG_COMPILER_APPICON_NAME = AppIcon;
				ASSETCATALOG_COMPILER_GLOBAL_ACCENT_COLOR_NAME = AccentColor;
				CODE_SIGN_STYLE = Automatic;
				CURRENT_PROJECT_VERSION = 1;
				DEVELOPMENT_ASSET_PATHS = "\"syosekiroku/Preview Content\"";
				DEVELOPMENT_TEAM = 9VAKM2HUST;
				ENABLE_PREVIEWS = YES;
				GENERATE_INFOPLIST_FILE = YES;
				INFOPLIST_KEY_NSCameraUsageDescription = "バーコード読み取りのために使用します";
				INFOPLIST_KEY_UIApplicationSceneManifest_Generation = YES;
				INFOPLIST_KEY_UIApplicationSupportsIndirectInputEvents = YES;
				INFOPLIST_KEY_UILaunchScreen_Generation = YES;
				INFOPLIST_KEY_UISupportedInterfaceOrientations_iPad = "UIInterfaceOrientationPortrait UIInterfaceOrientationPortraitUpsideDown UIInterfaceOrientationLandscapeLeft UIInterfaceOrientationLandscapeRight";
				INFOPLIST_KEY_UISupportedInterfaceOrientations_iPhone = "UIInterfaceOrientationPortrait UIInterfaceOrientationLandscapeLeft UIInterfaceOrientationLandscapeRight";
				LD_RUNPATH_SEARCH_PATHS = (
					"$(inherited)",
					"@executable_path/Frameworks",
				);
				MARKETING_VERSION = 1.0;
				PRODUCT_BUNDLE_IDENTIFIER = taira.syosekiroku;
				PRODUCT_NAME = "$(TARGET_NAME)";
				SWIFT_EMIT_LOC_STRINGS = YES;
				SWIFT_VERSION = 5.0;
				TARGETED_DEVICE_FAMILY = "1,2";
			};
			name = Debug;
		};
		BB2639282E084B4800E73AA3 /* Release */ = {
			isa = XCBuildConfiguration;
			buildSettings = {
				ASSETCATALOG_COMPILER_APPICON_NAME = AppIcon;
				ASSETCATALOG_COMPILER_GLOBAL_ACCENT_COLOR_NAME = AccentColor;
				CODE_SIGN_STYLE = Automatic;
				CURRENT_PROJECT_VERSION = 1;
				DEVELOPMENT_ASSET_PATHS = "\"syosekiroku/Preview Content\"";
				DEVELOPMENT_TEAM = 9VAKM2HUST;
				ENABLE_PREVIEWS = YES;
				GENERATE_INFOPLIST_FILE = YES;
				INFOPLIST_KEY_NSCameraUsageDescription = "バーコード読み取りのために使用します";
				INFOPLIST_KEY_UIApplicationSceneManifest_Generation = YES;
				INFOPLIST_KEY_UIApplicationSupportsIndirectInputEvents = YES;
				INFOPLIST_KEY_UILaunchScreen_Generation = YES;
				INFOPLIST_KEY_UISupportedInterfaceOrientations_iPad = "UIInterfaceOrientationPortrait UIInterfaceOrientationPortraitUpsideDown UIInterfaceOrientationLandscapeLeft UIInterfaceOrientationLandscapeRight";
				INFOPLIST_KEY_UISupportedInterfaceOrientations_iPhone = "UIInterfaceOrientationPortrait UIInterfaceOrientationLandscapeLeft UIInterfaceOrientationLandscapeRight";
				LD_RUNPATH_SEARCH_PATHS = (
					"$(inherited)",
					"@executable_path/Frameworks",
				);
				MARKETING_VERSION = 1.0;
				PRODUCT_BUNDLE_IDENTIFIER = taira.syosekiroku;
				PRODUCT_NAME = "$(TARGET_NAME)";
				SWIFT_EMIT_LOC_STRINGS = YES;
				SWIFT_VERSION = 5.0;
				TARGETED_DEVICE_FAMILY = "1,2";
			};
			name = Release;
		};
		BB26392A2E084B4800E73AA3 /* Debug */ = {
			isa = XCBuildConfiguration;
			buildSettings = {
				BUNDLE_LOADER = "$(TEST_HOST)";
				CODE_SIGN_STYLE = Automatic;
				CURRENT_PROJECT_VERSION = 1;
				DEVELOPMENT_TEAM = 9VAKM2HUST;
				GENERATE_INFOPLIST_FILE = YES;
				IPHONEOS_DEPLOYMENT_TARGET = 18.0;
				MARKETING_VERSION = 1.0;
				PRODUCT_BUNDLE_IDENTIFIER = taira.syosekirokuTests;
				PRODUCT_NAME = "$(TARGET_NAME)";
				SWIFT_EMIT_LOC_STRINGS = NO;
				SWIFT_VERSION = 5.0;
				TARGETED_DEVICE_FAMILY = "1,2";
				TEST_HOST = "$(BUILT_PRODUCTS_DIR)/syosekiroku.app/$(BUNDLE_EXECUTABLE_FOLDER_PATH)/syosekiroku";
			};
			name = Debug;
		};
		BB26392B2E084B4800E73AA3 /* Release */ = {
			isa = XCBuildConfiguration;
			buildSettings = {
				BUNDLE_LOADER = "$(TEST_HOST)";
				CODE_SIGN_STYLE = Automatic;
				CURRENT_PROJECT_VERSION = 1;
				DEVELOPMENT_TEAM = 9VAKM2HUST;
				GENERATE_INFOPLIST_FILE = YES;
				IPHONEOS_DEPLOYMENT_TARGET = 18.0;
				MARKETING_VERSION = 1.0;
				PRODUCT_BUNDLE_IDENTIFIER = taira.syosekirokuTests;
				PRODUCT_NAME = "$(TARGET_NAME)";
				SWIFT_EMIT_LOC_STRINGS = NO;
				SWIFT_VERSION = 5.0;
				TARGETED_DEVICE_FAMILY = "1,2";
				TEST_HOST = "$(BUILT_PRODUCTS_DIR)/syosekiroku.app/$(BUNDLE_EXECUTABLE_FOLDER_PATH)/syosekiroku";
			};
			name = Release;
		};
		BB26392D2E084B4800E73AA3 /* Debug */ = {
			isa = XCBuildConfiguration;
			buildSettings = {
				CODE_SIGN_STYLE = Automatic;
				CURRENT_PROJECT_VERSION = 1;
				DEVELOPMENT_TEAM = 9VAKM2HUST;
				GENERATE_INFOPLIST_FILE = YES;
				MARKETING_VERSION = 1.0;
				PRODUCT_BUNDLE_IDENTIFIER = taira.syosekirokuUITests;
				PRODUCT_NAME = "$(TARGET_NAME)";
				SWIFT_EMIT_LOC_STRINGS = NO;
				SWIFT_VERSION = 5.0;
				TARGETED_DEVICE_FAMILY = "1,2";
				TEST_TARGET_NAME = syosekiroku;
			};
			name = Debug;
		};
		BB26392E2E084B4800E73AA3 /* Release */ = {
			isa = XCBuildConfiguration;
			buildSettings = {
				CODE_SIGN_STYLE = Automatic;
				CURRENT_PROJECT_VERSION = 1;
				DEVELOPMENT_TEAM = 9VAKM2HUST;
				GENERATE_INFOPLIST_FILE = YES;
				MARKETING_VERSION = 1.0;
				PRODUCT_BUNDLE_IDENTIFIER = taira.syosekirokuUITests;
				PRODUCT_NAME = "$(TARGET_NAME)";
				SWIFT_EMIT_LOC_STRINGS = NO;
				SWIFT_VERSION = 5.0;
				TARGETED_DEVICE_FAMILY = "1,2";
				TEST_TARGET_NAME = syosekiroku;
			};
			name = Release;
		};
/* End XCBuildConfiguration section */

/* Begin XCConfigurationList section */
		BB2638FD2E084B4700E73AA3 /* Build configuration list for PBXProject "syosekiroku" */ = {
			isa = XCConfigurationList;
			buildConfigurations = (
				BB2639242E084B4800E73AA3 /* Debug */,
				BB2639252E084B4800E73AA3 /* Release */,
			);
			defaultConfigurationIsVisible = 0;
			defaultConfigurationName = Release;
		};
		BB2639262E084B4800E73AA3 /* Build configuration list for PBXNativeTarget "syosekiroku" */ = {
			isa = XCConfigurationList;
			buildConfigurations = (
				BB2639272E084B4800E73AA3 /* Debug */,
				BB2639282E084B4800E73AA3 /* Release */,
			);
			defaultConfigurationIsVisible = 0;
			defaultConfigurationName = Release;
		};
		BB2639292E084B4800E73AA3 /* Build configuration list for PBXNativeTarget "syosekirokuTests" */ = {
			isa = XCConfigurationList;
			buildConfigurations = (
				BB26392A2E084B4800E73AA3 /* Debug */,
				BB26392B2E084B4800E73AA3 /* Release */,
			);
			defaultConfigurationIsVisible = 0;
			defaultConfigurationName = Release;
		};
		BB26392C2E084B4800E73AA3 /* Build configuration list for PBXNativeTarget "syosekirokuUITests" */ = {
			isa = XCConfigurationList;
			buildConfigurations = (
				BB26392D2E084B4800E73AA3 /* Debug */,
				BB26392E2E084B4800E73AA3 /* Release */,
			);
			defaultConfigurationIsVisible = 0;
			defaultConfigurationName = Release;
		};
/* End XCConfigurationList section */
	};
	rootObject = BB2638FA2E084B4700E73AA3 /* Project object */;
}
